
Microsoft Visual Studio Solution File, Format Version 12.00
# Visual Studio Version 16
VisualStudioVersion = 16.0.30517.126
MinimumVisualStudioVersion = 10.0.40219.1
Project("{FAE04EC0-301F-11D3-BF4B-00C04F79EFBC}") = "TestJenkins", "TestJenkins\TestJenkins.csproj", "{FA2F7452-BE5F-4E32-ACBD-4982FD05CBC6}"
EndProject
Global
	GlobalSection(SolutionConfigurationPlatforms) = preSolution
		Debug|Any CPU = Debug|Any CPU
		Release|Any CPU = Release|Any CPU
	EndGlobalSection
	GlobalSection(ProjectConfigurationPlatforms) = postSolution
		{FA2F7452-BE5F-4E32-ACBD-4982FD05CBC6}.Debug|Any CPU.ActiveCfg = Debug|Any CPU
		{FA2F7452-BE5F-4E32-ACBD-4982FD05CBC6}.Debug|Any CPU.Build.0 = Debug|Any CPU
		{FA2F7452-BE5F-4E32-ACBD-4982FD05CBC6}.Release|Any CPU.ActiveCfg = Release|Any CPU
		{FA2F7452-BE5F-4E32-ACBD-4982FD05CBC6}.Release|Any CPU.Build.0 = Release|Any CPU
	EndGlobalSection
	GlobalSection(SolutionProperties) = preSolution
		HideSolutionNode = FALSE
	EndGlobalSection
	GlobalSection(ExtensibilityGlobals) = postSolution
		SolutionGuid = {C718AC18-D127-4A0C-8F02-A3C4CDB6083A}
	EndGlobalSection
EndGlobal
